{
  "version": 4,
  "terraform_version": "1.13.3",
  "serial": 24,
  "lineage": "baca3e7c-f216-4bb7-b227-4093793f5ac8",
  "outputs": {
    "invoke_url": {
      "value": null,
      "type": "string"
    }
  },
  "resources": [
    {
      "mode": "managed",
      "type": "aws_iam_role",
      "name": "lambda_role",
      "provider": "provider[\"registry.terraform.io/hashicorp/aws\"]",
      "instances": [
        {
          "schema_version": 0,
          "attributes": {
            "arn": "arn:aws:iam::195162992493:role/hello-api-lambda-role",
            "assume_role_policy": "{\"Statement\":[{\"Action\":\"sts:AssumeRole\",\"Effect\":\"Allow\",\"Principal\":{\"Service\":\"lambda.amazonaws.com\"}}],\"Version\":\"2012-10-17\"}",
            "create_date": "2025-12-04T07:45:37Z",
            "description": "",
            "force_detach_policies": false,
            "id": "hello-api-lambda-role",
            "inline_policy": [],
            "managed_policy_arns": [
              "arn:aws:iam::aws:policy/service-role/AWSLambdaBasicExecutionRole"
            ],
            "max_session_duration": 3600,
            "name": "hello-api-lambda-role",
            "name_prefix": "",
            "path": "/",
            "permissions_boundary": "",
            "tags": {},
            "tags_all": {},
            "unique_id": "AROAS24E655WYPUIIRN47"
          },
          "sensitive_attributes": [],
          "identity_schema_version": 0,
          "private": "eyJzY2hlbWFfdmVyc2lvbiI6IjAifQ=="
        }
      ]
    }
  ],
  "check_results": null
}
